
Microsoft Visual Studio Solution File, Format Version 12.00
# Visual Studio 15
VisualStudioVersion = 15.0.26430.16
MinimumVisualStudioVersion = 10.0.40219.1
Project("{8BC9CEB8-8B4A-11D0-8D11-00A0C91BC942}") = "coreclrtesting", "coreclrtesting\coreclrtesting.vcxproj", "{30A322A3-1493-478F-B050-F98DD54E6557}"
EndProject
Project("{2150E333-8FDC-42A3-9474-1A3956D46DE8}") = "Solution Items", "Solution Items", "{6AB658ED-EDA7-483D-AF0C-F3F4524BB110}"
	ProjectSection(SolutionItems) = preProject
		Performance1.psess = Performance1.psess
	EndProjectSection
EndProject
Project("{8BC9CEB8-8B4A-11D0-8D11-00A0C91BC942}") = "ClrClassLibrary", "ClrClassLibrary\ClrClassLibrary.vcxproj", "{802238C0-8279-48AA-8C39-BEAF835E72CA}"
EndProject
Project("{8BC9CEB8-8B4A-11D0-8D11-00A0C91BC942}") = "decimal", "decimal\decimal.vcxproj", "{A4D02353-CCD4-4BAE-A297-FEB00631FEB5}"
EndProject
Project("{FAE04EC0-301F-11D3-BF4B-00C04F79EFBC}") = "Benchmarks", "Benchmarks\Benchmarks.csproj", "{6D006CF8-5BC8-42F4-82F4-A8714CF29140}"
EndProject
Global
	GlobalSection(Performance) = preSolution
		HasPerformanceSessions = true
	EndGlobalSection
	GlobalSection(SolutionConfigurationPlatforms) = preSolution
		Debug|Any CPU = Debug|Any CPU
		Debug|ARM = Debug|ARM
		Debug|Win32 = Debug|Win32
		Debug|x64 = Debug|x64
		Release|Any CPU = Release|Any CPU
		Release|ARM = Release|ARM
		Release|Win32 = Release|Win32
		Release|x64 = Release|x64
	EndGlobalSection
	GlobalSection(ProjectConfigurationPlatforms) = postSolution
		{30A322A3-1493-478F-B050-F98DD54E6557}.Debug|Any CPU.ActiveCfg = Debug|Win32
		{30A322A3-1493-478F-B050-F98DD54E6557}.Debug|ARM.ActiveCfg = Debug|ARM
		{30A322A3-1493-478F-B050-F98DD54E6557}.Debug|ARM.Build.0 = Debug|ARM
		{30A322A3-1493-478F-B050-F98DD54E6557}.Debug|Win32.ActiveCfg = Debug|Win32
		{30A322A3-1493-478F-B050-F98DD54E6557}.Debug|Win32.Build.0 = Debug|Win32
		{30A322A3-1493-478F-B050-F98DD54E6557}.Debug|x64.ActiveCfg = Debug|x64
		{30A322A3-1493-478F-B050-F98DD54E6557}.Debug|x64.Build.0 = Debug|x64
		{30A322A3-1493-478F-B050-F98DD54E6557}.Release|Any CPU.ActiveCfg = Release|Win32
		{30A322A3-1493-478F-B050-F98DD54E6557}.Release|ARM.ActiveCfg = Release|ARM
		{30A322A3-1493-478F-B050-F98DD54E6557}.Release|ARM.Build.0 = Release|ARM
		{30A322A3-1493-478F-B050-F98DD54E6557}.Release|Win32.ActiveCfg = Release|Win32
		{30A322A3-1493-478F-B050-F98DD54E6557}.Release|Win32.Build.0 = Release|Win32
		{30A322A3-1493-478F-B050-F98DD54E6557}.Release|x64.ActiveCfg = Release|x64
		{30A322A3-1493-478F-B050-F98DD54E6557}.Release|x64.Build.0 = Release|x64
		{802238C0-8279-48AA-8C39-BEAF835E72CA}.Debug|Any CPU.ActiveCfg = Debug|Win32
		{802238C0-8279-48AA-8C39-BEAF835E72CA}.Debug|ARM.ActiveCfg = Debug|Win32
		{802238C0-8279-48AA-8C39-BEAF835E72CA}.Debug|Win32.ActiveCfg = Debug|Win32
		{802238C0-8279-48AA-8C39-BEAF835E72CA}.Debug|Win32.Build.0 = Debug|Win32
		{802238C0-8279-48AA-8C39-BEAF835E72CA}.Debug|x64.ActiveCfg = Debug|x64
		{802238C0-8279-48AA-8C39-BEAF835E72CA}.Debug|x64.Build.0 = Debug|x64
		{802238C0-8279-48AA-8C39-BEAF835E72CA}.Release|Any CPU.ActiveCfg = Release|Win32
		{802238C0-8279-48AA-8C39-BEAF835E72CA}.Release|ARM.ActiveCfg = Release|Win32
		{802238C0-8279-48AA-8C39-BEAF835E72CA}.Release|Win32.ActiveCfg = Release|Win32
		{802238C0-8279-48AA-8C39-BEAF835E72CA}.Release|Win32.Build.0 = Release|Win32
		{802238C0-8279-48AA-8C39-BEAF835E72CA}.Release|x64.ActiveCfg = Release|x64
		{802238C0-8279-48AA-8C39-BEAF835E72CA}.Release|x64.Build.0 = Release|x64
		{A4D02353-CCD4-4BAE-A297-FEB00631FEB5}.Debug|Any CPU.ActiveCfg = Debug|Win32
		{A4D02353-CCD4-4BAE-A297-FEB00631FEB5}.Debug|ARM.ActiveCfg = Debug|Win32
		{A4D02353-CCD4-4BAE-A297-FEB00631FEB5}.Debug|Win32.ActiveCfg = Debug|Win32
		{A4D02353-CCD4-4BAE-A297-FEB00631FEB5}.Debug|Win32.Build.0 = Debug|Win32
		{A4D02353-CCD4-4BAE-A297-FEB00631FEB5}.Debug|x64.ActiveCfg = Debug|x64
		{A4D02353-CCD4-4BAE-A297-FEB00631FEB5}.Debug|x64.Build.0 = Debug|x64
		{A4D02353-CCD4-4BAE-A297-FEB00631FEB5}.Release|Any CPU.ActiveCfg = Release|Win32
		{A4D02353-CCD4-4BAE-A297-FEB00631FEB5}.Release|ARM.ActiveCfg = Release|Win32
		{A4D02353-CCD4-4BAE-A297-FEB00631FEB5}.Release|Win32.ActiveCfg = Release|Win32
		{A4D02353-CCD4-4BAE-A297-FEB00631FEB5}.Release|Win32.Build.0 = Release|Win32
		{A4D02353-CCD4-4BAE-A297-FEB00631FEB5}.Release|x64.ActiveCfg = Release|x64
		{A4D02353-CCD4-4BAE-A297-FEB00631FEB5}.Release|x64.Build.0 = Release|x64
		{6D006CF8-5BC8-42F4-82F4-A8714CF29140}.Debug|Any CPU.ActiveCfg = Debug|Any CPU
		{6D006CF8-5BC8-42F4-82F4-A8714CF29140}.Debug|Any CPU.Build.0 = Debug|Any CPU
		{6D006CF8-5BC8-42F4-82F4-A8714CF29140}.Debug|ARM.ActiveCfg = Debug|Any CPU
		{6D006CF8-5BC8-42F4-82F4-A8714CF29140}.Debug|ARM.Build.0 = Debug|Any CPU
		{6D006CF8-5BC8-42F4-82F4-A8714CF29140}.Debug|Win32.ActiveCfg = Debug|Any CPU
		{6D006CF8-5BC8-42F4-82F4-A8714CF29140}.Debug|Win32.Build.0 = Debug|Any CPU
		{6D006CF8-5BC8-42F4-82F4-A8714CF29140}.Debug|x64.ActiveCfg = Debug|Any CPU
		{6D006CF8-5BC8-42F4-82F4-A8714CF29140}.Debug|x64.Build.0 = Debug|Any CPU
		{6D006CF8-5BC8-42F4-82F4-A8714CF29140}.Release|Any CPU.ActiveCfg = Release|Any CPU
		{6D006CF8-5BC8-42F4-82F4-A8714CF29140}.Release|Any CPU.Build.0 = Release|Any CPU
		{6D006CF8-5BC8-42F4-82F4-A8714CF29140}.Release|ARM.ActiveCfg = Release|Any CPU
		{6D006CF8-5BC8-42F4-82F4-A8714CF29140}.Release|ARM.Build.0 = Release|Any CPU
		{6D006CF8-5BC8-42F4-82F4-A8714CF29140}.Release|Win32.ActiveCfg = Release|Any CPU
		{6D006CF8-5BC8-42F4-82F4-A8714CF29140}.Release|Win32.Build.0 = Release|Any CPU
		{6D006CF8-5BC8-42F4-82F4-A8714CF29140}.Release|x64.ActiveCfg = Release|Any CPU
		{6D006CF8-5BC8-42F4-82F4-A8714CF29140}.Release|x64.Build.0 = Release|Any CPU
	EndGlobalSection
	GlobalSection(SolutionProperties) = preSolution
		HideSolutionNode = FALSE
	EndGlobalSection
	GlobalSection(Performance) = preSolution
		HasPerformanceSessions = true
	EndGlobalSection
	GlobalSection(Performance) = preSolution
		HasPerformanceSessions = true
	EndGlobalSection
	GlobalSection(Performance) = preSolution
		HasPerformanceSessions = true
	EndGlobalSection
	GlobalSection(Performance) = preSolution
		HasPerformanceSessions = true
	EndGlobalSection
	GlobalSection(Performance) = preSolution
		HasPerformanceSessions = true
	EndGlobalSection
	GlobalSection(Performance) = preSolution
		HasPerformanceSessions = true
	EndGlobalSection
	GlobalSection(Performance) = preSolution
		HasPerformanceSessions = true
	EndGlobalSection
	GlobalSection(Performance) = preSolution
		HasPerformanceSessions = true
	EndGlobalSection
	GlobalSection(Performance) = preSolution
		HasPerformanceSessions = true
	EndGlobalSection
	GlobalSection(Performance) = preSolution
		HasPerformanceSessions = true
	EndGlobalSection
	GlobalSection(Performance) = preSolution
		HasPerformanceSessions = true
	EndGlobalSection
	GlobalSection(Performance) = preSolution
		HasPerformanceSessions = true
	EndGlobalSection
	GlobalSection(Performance) = preSolution
		HasPerformanceSessions = true
	EndGlobalSection
	GlobalSection(Performance) = preSolution
		HasPerformanceSessions = true
	EndGlobalSection
	GlobalSection(Performance) = preSolution
		HasPerformanceSessions = true
	EndGlobalSection
	GlobalSection(Performance) = preSolution
		HasPerformanceSessions = true
	EndGlobalSection
	GlobalSection(Performance) = preSolution
		HasPerformanceSessions = true
	EndGlobalSection
	GlobalSection(Performance) = preSolution
		HasPerformanceSessions = true
	EndGlobalSection
	GlobalSection(Performance) = preSolution
		HasPerformanceSessions = true
	EndGlobalSection
	GlobalSection(Performance) = preSolution
		HasPerformanceSessions = true
	EndGlobalSection
	GlobalSection(Performance) = preSolution
		HasPerformanceSessions = true
	EndGlobalSection
	GlobalSection(Performance) = preSolution
		HasPerformanceSessions = true
	EndGlobalSection
EndGlobal
